
Microsoft Visual Studio Solution File, Format Version 12.00
Project("{FAE04EC0-301F-11D3-BF4B-00C04F79EFBC}") = "Wyrobot2", "Wyrobot2\Wyrobot2.csproj", "{DA11E7BA-3348-4A11-94C5-56760B3EFF19}"
EndProject
Global
	GlobalSection(SolutionConfigurationPlatforms) = preSolution
		Debug|Any CPU = Debug|Any CPU
		Release|Any CPU = Release|Any CPU
	EndGlobalSection
	GlobalSection(ProjectConfigurationPlatforms) = postSolution
		{DA11E7BA-3348-4A11-94C5-56760B3EFF19}.Debug|Any CPU.ActiveCfg = Debug|Any CPU
		{DA11E7BA-3348-4A11-94C5-56760B3EFF19}.Debug|Any CPU.Build.0 = Debug|Any CPU
		{DA11E7BA-3348-4A11-94C5-56760B3EFF19}.Release|Any CPU.ActiveCfg = Release|Any CPU
		{DA11E7BA-3348-4A11-94C5-56760B3EFF19}.Release|Any CPU.Build.0 = Release|Any CPU
	EndGlobalSection
EndGlobal
